
Microsoft Visual Studio Solution File, Format Version 12.00
# Visual Studio 2012
Project("{FAE04EC0-301F-11D3-BF4B-00C04F79EFBC}") = "ProxiChat.Ios", "ProxiChat.Ios\ProxiChat.Ios.csproj", "{6D23B65D-B2D4-4598-98C8-0B189F26D8B1}"
EndProject
<<<<<<< HEAD
=======
Project("{FAE04EC0-301F-11D3-BF4B-00C04F79EFBC}") = "ProxiChat.Mobile.Services", "..\ProxiChat.Mobile\ProxiChat.Mobile.Services\ProxiChat.Mobile.Services.csproj", "{4302BC98-5F3E-4BEC-9BBD-E33E829FAB8E}"
EndProject
>>>>>>> develop
Global
	GlobalSection(SolutionConfigurationPlatforms) = preSolution
		Debug|iPhoneSimulator = Debug|iPhoneSimulator
		Release|iPhone = Release|iPhone
		Release|iPhoneSimulator = Release|iPhoneSimulator
		Debug|iPhone = Debug|iPhone
	EndGlobalSection
	GlobalSection(ProjectConfigurationPlatforms) = postSolution
		{6D23B65D-B2D4-4598-98C8-0B189F26D8B1}.Debug|iPhoneSimulator.ActiveCfg = Debug|iPhoneSimulator
		{6D23B65D-B2D4-4598-98C8-0B189F26D8B1}.Debug|iPhoneSimulator.Build.0 = Debug|iPhoneSimulator
		{6D23B65D-B2D4-4598-98C8-0B189F26D8B1}.Release|iPhone.ActiveCfg = Release|iPhone
		{6D23B65D-B2D4-4598-98C8-0B189F26D8B1}.Release|iPhone.Build.0 = Release|iPhone
		{6D23B65D-B2D4-4598-98C8-0B189F26D8B1}.Release|iPhoneSimulator.ActiveCfg = Release|iPhoneSimulator
		{6D23B65D-B2D4-4598-98C8-0B189F26D8B1}.Release|iPhoneSimulator.Build.0 = Release|iPhoneSimulator
		{6D23B65D-B2D4-4598-98C8-0B189F26D8B1}.Debug|iPhone.ActiveCfg = Debug|iPhone
		{6D23B65D-B2D4-4598-98C8-0B189F26D8B1}.Debug|iPhone.Build.0 = Debug|iPhone
<<<<<<< HEAD
=======
		{4302BC98-5F3E-4BEC-9BBD-E33E829FAB8E}.Debug|iPhoneSimulator.ActiveCfg = Debug|Any CPU
		{4302BC98-5F3E-4BEC-9BBD-E33E829FAB8E}.Debug|iPhoneSimulator.Build.0 = Debug|Any CPU
		{4302BC98-5F3E-4BEC-9BBD-E33E829FAB8E}.Release|iPhone.ActiveCfg = Release|Any CPU
		{4302BC98-5F3E-4BEC-9BBD-E33E829FAB8E}.Release|iPhone.Build.0 = Release|Any CPU
		{4302BC98-5F3E-4BEC-9BBD-E33E829FAB8E}.Release|iPhoneSimulator.ActiveCfg = Release|Any CPU
		{4302BC98-5F3E-4BEC-9BBD-E33E829FAB8E}.Release|iPhoneSimulator.Build.0 = Release|Any CPU
		{4302BC98-5F3E-4BEC-9BBD-E33E829FAB8E}.Debug|iPhone.ActiveCfg = Debug|Any CPU
		{4302BC98-5F3E-4BEC-9BBD-E33E829FAB8E}.Debug|iPhone.Build.0 = Debug|Any CPU
>>>>>>> develop
	EndGlobalSection
EndGlobal
