
Microsoft Visual Studio Solution File, Format Version 12.00
# Visual Studio 2012
Project("{FAE04EC0-301F-11D3-BF4B-00C04F79EFBC}") = "ProxiChat.Ios", "ProxiChat.Ios\ProxiChat.Ios.csproj", "{6D23B65D-B2D4-4598-98C8-0B189F26D8B1}"
EndProject
Project("{FAE04EC0-301F-11D3-BF4B-00C04F79EFBC}") = "ProxiChat.Mobile.ViewModels", "..\ProxiChat.Mobile\ProxiChat.Mobile.ViewModels\ProxiChat.Mobile.ViewModels.csproj", "{9DB48F07-E327-41AA-AFFC-0F43731D0B86}"
EndProject
Project("{FAE04EC0-301F-11D3-BF4B-00C04F79EFBC}") = "ProxiChat.Mobile.Services", "..\ProxiChat.Mobile\ProxiChat.Mobile.Services\ProxiChat.Mobile.Services.csproj", "{9BC1440B-0DAC-4BC5-B319-1E4FF7279D2B}"
EndProject
Project("{FAE04EC0-301F-11D3-BF4B-00C04F79EFBC}") = "ProxiChat.Mobile.Interfaces", "..\ProxiChat.Mobile\ProxiChat.Mobile.Interfaces\ProxiChat.Mobile.Interfaces.csproj", "{7C193E07-514B-486B-AA37-F4FB3D4BAD59}"
EndProject
Global
	GlobalSection(SolutionConfigurationPlatforms) = preSolution
		Debug|iPhoneSimulator = Debug|iPhoneSimulator
		Release|iPhone = Release|iPhone
		Release|iPhoneSimulator = Release|iPhoneSimulator
		Debug|iPhone = Debug|iPhone
	EndGlobalSection
	GlobalSection(ProjectConfigurationPlatforms) = postSolution
		{6D23B65D-B2D4-4598-98C8-0B189F26D8B1}.Debug|iPhoneSimulator.ActiveCfg = Debug|iPhoneSimulator
		{6D23B65D-B2D4-4598-98C8-0B189F26D8B1}.Debug|iPhoneSimulator.Build.0 = Debug|iPhoneSimulator
		{6D23B65D-B2D4-4598-98C8-0B189F26D8B1}.Release|iPhone.ActiveCfg = Release|iPhone
		{6D23B65D-B2D4-4598-98C8-0B189F26D8B1}.Release|iPhone.Build.0 = Release|iPhone
		{6D23B65D-B2D4-4598-98C8-0B189F26D8B1}.Release|iPhoneSimulator.ActiveCfg = Release|iPhoneSimulator
		{6D23B65D-B2D4-4598-98C8-0B189F26D8B1}.Release|iPhoneSimulator.Build.0 = Release|iPhoneSimulator
		{6D23B65D-B2D4-4598-98C8-0B189F26D8B1}.Debug|iPhone.ActiveCfg = Debug|iPhone
		{6D23B65D-B2D4-4598-98C8-0B189F26D8B1}.Debug|iPhone.Build.0 = Debug|iPhone
		{9DB48F07-E327-41AA-AFFC-0F43731D0B86}.Debug|iPhoneSimulator.ActiveCfg = Debug|Any CPU
		{9DB48F07-E327-41AA-AFFC-0F43731D0B86}.Debug|iPhoneSimulator.Build.0 = Debug|Any CPU
		{9DB48F07-E327-41AA-AFFC-0F43731D0B86}.Release|iPhone.ActiveCfg = Release|Any CPU
		{9DB48F07-E327-41AA-AFFC-0F43731D0B86}.Release|iPhone.Build.0 = Release|Any CPU
		{9DB48F07-E327-41AA-AFFC-0F43731D0B86}.Release|iPhoneSimulator.ActiveCfg = Release|Any CPU
		{9DB48F07-E327-41AA-AFFC-0F43731D0B86}.Release|iPhoneSimulator.Build.0 = Release|Any CPU
		{9DB48F07-E327-41AA-AFFC-0F43731D0B86}.Debug|iPhone.ActiveCfg = Debug|Any CPU
		{9DB48F07-E327-41AA-AFFC-0F43731D0B86}.Debug|iPhone.Build.0 = Debug|Any CPU
		{9BC1440B-0DAC-4BC5-B319-1E4FF7279D2B}.Debug|iPhoneSimulator.ActiveCfg = Debug|Any CPU
		{9BC1440B-0DAC-4BC5-B319-1E4FF7279D2B}.Debug|iPhoneSimulator.Build.0 = Debug|Any CPU
		{9BC1440B-0DAC-4BC5-B319-1E4FF7279D2B}.Release|iPhone.ActiveCfg = Release|Any CPU
		{9BC1440B-0DAC-4BC5-B319-1E4FF7279D2B}.Release|iPhone.Build.0 = Release|Any CPU
		{9BC1440B-0DAC-4BC5-B319-1E4FF7279D2B}.Release|iPhoneSimulator.ActiveCfg = Release|Any CPU
		{9BC1440B-0DAC-4BC5-B319-1E4FF7279D2B}.Release|iPhoneSimulator.Build.0 = Release|Any CPU
		{9BC1440B-0DAC-4BC5-B319-1E4FF7279D2B}.Debug|iPhone.ActiveCfg = Debug|Any CPU
		{9BC1440B-0DAC-4BC5-B319-1E4FF7279D2B}.Debug|iPhone.Build.0 = Debug|Any CPU
		{7C193E07-514B-486B-AA37-F4FB3D4BAD59}.Debug|iPhoneSimulator.ActiveCfg = Debug|Any CPU
		{7C193E07-514B-486B-AA37-F4FB3D4BAD59}.Debug|iPhoneSimulator.Build.0 = Debug|Any CPU
		{7C193E07-514B-486B-AA37-F4FB3D4BAD59}.Release|iPhone.ActiveCfg = Release|Any CPU
		{7C193E07-514B-486B-AA37-F4FB3D4BAD59}.Release|iPhone.Build.0 = Release|Any CPU
		{7C193E07-514B-486B-AA37-F4FB3D4BAD59}.Release|iPhoneSimulator.ActiveCfg = Release|Any CPU
		{7C193E07-514B-486B-AA37-F4FB3D4BAD59}.Release|iPhoneSimulator.Build.0 = Release|Any CPU
		{7C193E07-514B-486B-AA37-F4FB3D4BAD59}.Debug|iPhone.ActiveCfg = Debug|Any CPU
		{7C193E07-514B-486B-AA37-F4FB3D4BAD59}.Debug|iPhone.Build.0 = Debug|Any CPU
	EndGlobalSection
EndGlobal
